// !$*UTF8*$!
{
	archiveVersion = 1;
	classes = {
	};
	objectVersion = 48;
	objects = {

/* Begin PBXBuildFile section */
		FAD38D1F1FD28F9B00A9AC88 /* AppDelegate.swift in Sources */ = {isa = PBXBuildFile; fileRef = FAD38D1E1FD28F9B00A9AC88 /* AppDelegate.swift */; };
		FAD38D211FD28F9B00A9AC88 /* ViewController.swift in Sources */ = {isa = PBXBuildFile; fileRef = FAD38D201FD28F9B00A9AC88 /* ViewController.swift */; };
		FAD38D241FD28F9B00A9AC88 /* Main.storyboard in Resources */ = {isa = PBXBuildFile; fileRef = FAD38D221FD28F9B00A9AC88 /* Main.storyboard */; };
		FAD38D261FD28F9B00A9AC88 /* Assets.xcassets in Resources */ = {isa = PBXBuildFile; fileRef = FAD38D251FD28F9B00A9AC88 /* Assets.xcassets */; };
		FAD38D291FD28F9B00A9AC88 /* LaunchScreen.storyboard in Resources */ = {isa = PBXBuildFile; fileRef = FAD38D271FD28F9B00A9AC88 /* LaunchScreen.storyboard */; };
		FAFF229D1FD292B9005D97B2 /* art.scnassets in Resources */ = {isa = PBXBuildFile; fileRef = FAFF229C1FD292B9005D97B2 /* art.scnassets */; };
/* End PBXBuildFile section */

/* Begin PBXFileReference section */
		FAD38D1B1FD28F9B00A9AC88 /* ARKitScratch.app */ = {isa = PBXFileReference; explicitFileType = wrapper.application; includeInIndex = 0; path = ARKitScratch.app; sourceTree = BUILT_PRODUCTS_DIR; };
		FAD38D1E1FD28F9B00A9AC88 /* AppDelegate.swift */ = {isa = PBXFileReference; lastKnownFileType = sourcecode.swift; path = AppDelegate.swift; sourceTree = "<group>"; };
		FAD38D201FD28F9B00A9AC88 /* ViewController.swift */ = {isa = PBXFileReference; lastKnownFileType = sourcecode.swift; path = ViewController.swift; sourceTree = "<group>"; };
		FAD38D231FD28F9B00A9AC88 /* Base */ = {isa = PBXFileReference; lastKnownFileType = file.storyboard; name = Base; path = Base.lproj/Main.storyboard; sourceTree = "<group>"; };
		FAD38D251FD28F9B00A9AC88 /* Assets.xcassets */ = {isa = PBXFileReference; lastKnownFileType = folder.assetcatalog; path = Assets.xcassets; sourceTree = "<group>"; };
		FAD38D281FD28F9B00A9AC88 /* Base */ = {isa = PBXFileReference; lastKnownFileType = file.storyboard; name = Base; path = Base.lproj/LaunchScreen.storyboard; sourceTree = "<group>"; };
		FAD38D2A1FD28F9B00A9AC88 /* Info.plist */ = {isa = PBXFileReference; lastKnownFileType = text.plist.xml; path = Info.plist; sourceTree = "<group>"; };
		FAFF229C1FD292B9005D97B2 /* art.scnassets */ = {isa = PBXFileReference; lastKnownFileType = wrapper.scnassets; path = art.scnassets; sourceTree = "<group>"; };
/* End PBXFileReference section */

/* Begin PBXFrameworksBuildPhase section */
		FAD38D181FD28F9B00A9AC88 /* Frameworks */ = {
			isa = PBXFrameworksBuildPhase;
			buildActionMask = 2147483647;
			files = (
			);
			runOnlyForDeploymentPostprocessing = 0;
		};
/* End PBXFrameworksBuildPhase section */

/* Begin PBXGroup section */
		FAD38D121FD28F9B00A9AC88 = {
			isa = PBXGroup;
			children = (
				FAD38D1D1FD28F9B00A9AC88 /* ARKitScratch */,
				FAD38D1C1FD28F9B00A9AC88 /* Products */,
			);
			sourceTree = "<group>";
		};
		FAD38D1C1FD28F9B00A9AC88 /* Products */ = {
			isa = PBXGroup;
			children = (
				FAD38D1B1FD28F9B00A9AC88 /* ARKitScratch.app */,
			);
			name = Products;
			sourceTree = "<group>";
		};
		FAD38D1D1FD28F9B00A9AC88 /* ARKitScratch */ = {
			isa = PBXGroup;
			children = (
				FAD38D1E1FD28F9B00A9AC88 /* AppDelegate.swift */,
				FAD38D201FD28F9B00A9AC88 /* ViewController.swift */,
				FAD38D221FD28F9B00A9AC88 /* Main.storyboard */,
				FAFF229C1FD292B9005D97B2 /* art.scnassets */,
				FAD38D251FD28F9B00A9AC88 /* Assets.xcassets */,
				FAD38D271FD28F9B00A9AC88 /* LaunchScreen.storyboard */,
				FAD38D2A1FD28F9B00A9AC88 /* Info.plist */,
			);
			path = ARKitScratch;
			sourceTree = "<group>";
		};
/* End PBXGroup section */

/* Begin PBXNativeTarget section */
		FAD38D1A1FD28F9B00A9AC88 /* ARKitScratch */ = {
			isa = PBXNativeTarget;
			buildConfigurationList = FAD38D2D1FD28F9B00A9AC88 /* Build configuration list for PBXNativeTarget "ARKitScratch" */;
			buildPhases = (
				FAD38D171FD28F9B00A9AC88 /* Sources */,
				FAD38D181FD28F9B00A9AC88 /* Frameworks */,
				FAD38D191FD28F9B00A9AC88 /* Resources */,
			);
			buildRules = (
			);
			dependencies = (
			);
			name = ARKitScratch;
			productName = ARKitScratch;
			productReference = FAD38D1B1FD28F9B00A9AC88 /* ARKitScratch.app */;
			productType = "com.apple.product-type.application";
		};
/* End PBXNativeTarget section */

/* Begin PBXProject section */
		FAD38D131FD28F9B00A9AC88 /* Project object */ = {
			isa = PBXProject;
			attributes = {
				LastSwiftUpdateCheck = 0900;
				LastUpgradeCheck = 0900;
				ORGANIZATIONNAME = "Yuya Horita";
				TargetAttributes = {
					FAD38D1A1FD28F9B00A9AC88 = {
						CreatedOnToolsVersion = 9.0;
						ProvisioningStyle = Automatic;
					};
				};
			};
			buildConfigurationList = FAD38D161FD28F9B00A9AC88 /* Build configuration list for PBXProject "ARKitScratch" */;
			compatibilityVersion = "Xcode 8.0";
			developmentRegion = en;
			hasScannedForEncodings = 0;
			knownRegions = (
				en,
				Base,
			);
			mainGroup = FAD38D121FD28F9B00A9AC88;
			productRefGroup = FAD38D1C1FD28F9B00A9AC88 /* Products */;
			projectDirPath = "";
			projectRoot = "";
			targets = (
				FAD38D1A1FD28F9B00A9AC88 /* ARKitScratch */,
			);
		};
/* End PBXProject section */

/* Begin PBXResourcesBuildPhase section */
		FAD38D191FD28F9B00A9AC88 /* Resources */ = {
			isa = PBXResourcesBuildPhase;
			buildActionMask = 2147483647;
			files = (
				FAD38D291FD28F9B00A9AC88 /* LaunchScreen.storyboard in Resources */,
				FAFF229D1FD292B9005D97B2 /* art.scnassets in Resources */,
				FAD38D261FD28F9B00A9AC88 /* Assets.xcassets in Resources */,
				FAD38D241FD28F9B00A9AC88 /* Main.storyboard in Resources */,
			);
			runOnlyForDeploymentPostprocessing = 0;
		};
/* End PBXResourcesBuildPhase section */

/* Begin PBXSourcesBuildPhase section */
		FAD38D171FD28F9B00A9AC88 /* Sources */ = {
			isa = PBXSourcesBuildPhase;
			buildActionMask = 2147483647;
			files = (
				FAD38D211FD28F9B00A9AC88 /* ViewController.swift in Sources */,
				FAD38D1F1FD28F9B00A9AC88 /* AppDelegate.swift in Sources */,
			);
			runOnlyForDeploymentPostprocessing = 0;
		};
/* End PBXSourcesBuildPhase section */

/* Begin PBXVariantGroup section */
		FAD38D221FD28F9B00A9AC88 /* Main.storyboard */ = {
			isa = PBXVariantGroup;
			children = (
				FAD38D231FD28F9B00A9AC88 /* Base */,
			);
			name = Main.storyboard;
			sourceTree = "<group>";
		};
		FAD38D271FD28F9B00A9AC88 /* LaunchScreen.storyboard */ = {
			isa = PBXVariantGroup;
			children = (
				FAD38D281FD28F9B00A9AC88 /* Base */,
			);
			name = LaunchScreen.storyboard;
			sourceTree = "<group>";
		};
/* End PBXVariantGroup section */

/* Begin XCBuildConfiguration section */
		FAD38D2B1FD28F9B00A9AC88 /* Debug */ = {
			isa = XCBuildConfiguration;
			buildSettings = {
				ALWAYS_SEARCH_USER_PATHS = NO;
				CLANG_ANALYZER_NONNULL = YES;
				CLANG_ANALYZER_NUMBER_OBJECT_CONVERSION = YES_AGGRESSIVE;
				CLANG_CXX_LANGUAGE_STANDARD = "gnu++14";
				CLANG_CXX_LIBRARY = "libc++";
				CLANG_ENABLE_MODULES = YES;
				CLANG_ENABLE_OBJC_ARC = YES;
				CLANG_WARN_BLOCK_CAPTURE_AUTORELEASING = YES;
				CLANG_WARN_BOOL_CONVERSION = YES;
				CLANG_WARN_COMMA = YES;
				CLANG_WARN_CONSTANT_CONVERSION = YES;
				CLANG_WARN_DIRECT_OBJC_ISA_USAGE = YES_ERROR;
				CLANG_WARN_DOCUMENTATION_COMMENTS = YES;
				CLANG_WARN_EMPTY_BODY = YES;
				CLANG_WARN_ENUM_CONVERSION = YES;
				CLANG_WARN_INFINITE_RECURSION = YES;
				CLANG_WARN_INT_CONVERSION = YES;
				CLANG_WARN_NON_LITERAL_NULL_CONVERSION = YES;
				CLANG_WARN_OBJC_LITERAL_CONVERSION = YES;
				CLANG_WARN_OBJC_ROOT_CLASS = YES_ERROR;
				CLANG_WARN_RANGE_LOOP_ANALYSIS = YES;
				CLANG_WARN_STRICT_PROTOTYPES = YES;
				CLANG_WARN_SUSPICIOUS_MOVE = YES;
				CLANG_WARN_UNGUARDED_AVAILABILITY = YES_AGGRESSIVE;
				CLANG_WARN_UNREACHABLE_CODE = YES;
				CLANG_WARN__DUPLICATE_METHOD_MATCH = YES;
				CODE_SIGN_IDENTITY = "iPhone Developer";
				COPY_PHASE_STRIP = NO;
				DEBUG_INFORMATION_FORMAT = dwarf;
				ENABLE_STRICT_OBJC_MSGSEND = YES;
				ENABLE_TESTABILITY = YES;
				GCC_C_LANGUAGE_STANDARD = gnu11;
				GCC_DYNAMIC_NO_PIC = NO;
				GCC_NO_COMMON_BLOCKS = YES;
				GCC_OPTIMIZATION_LEVEL = 0;
				GCC_PREPROCESSOR_DEFINITIONS = (
					"DEBUG=1",
					"$(inherited)",
				);
				GCC_WARN_64_TO_32_BIT_CONVERSION = YES;
				GCC_WARN_ABOUT_RETURN_TYPE = YES_ERROR;
				GCC_WARN_UNDECLARED_SELECTOR = YES;
				GCC_WARN_UNINITIALIZED_AUTOS = YES_AGGRESSIVE;
				GCC_WARN_UNUSED_FUNCTION = YES;
				GCC_WARN_UNUSED_VARIABLE = YES;
				IPHONEOS_DEPLOYMENT_TARGET = 11.0;
				MTL_ENABLE_DEBUG_INFO = YES;
				ONLY_ACTIVE_ARCH = YES;
				SDKROOT = iphoneos;
				SWIFT_ACTIVE_COMPILATION_CONDITIONS = DEBUG;
				SWIFT_OPTIMIZATION_LEVEL = "-Onone";
			};
			name = Debug;
		};
		FAD38D2C1FD28F9B00A9AC88 /* Release */ = {
			isa = XCBuildConfiguration;
			buildSettings = {
				ALWAYS_SEARCH_USER_PATHS = NO;
				CLANG_ANALYZER_NONNULL = YES;
				CLANG_ANALYZER_NUMBER_OBJECT_CONVERSION = YES_AGGRESSIVE;
				CLANG_CXX_LANGUAGE_STANDARD = "gnu++14";
				CLANG_CXX_LIBRARY = "libc++";
				CLANG_ENABLE_MODULES = YES;
				CLANG_ENABLE_OBJC_ARC = YES;
				CLANG_WARN_BLOCK_CAPTURE_AUTORELEASING = YES;
				CLANG_WARN_BOOL_CONVERSION = YES;
				CLANG_WARN_COMMA = YES;
				CLANG_WARN_CONSTANT_CONVERSION = YES;
				CLANG_WARN_DIRECT_OBJC_ISA_USAGE = YES_ERROR;
				CLANG_WARN_DOCUMENTATION_COMMENTS = YES;
				CLANG_WARN_EMPTY_BODY = YES;
				CLANG_WARN_ENUM_CONVERSION = YES;
				CLANG_WARN_INFINITE_RECURSION = YES;
				CLANG_WARN_INT_CONVERSION = YES;
				CLANG_WARN_NON_LITERAL_NULL_CONVERSION = YES;
				CLANG_WARN_OBJC_LITERAL_CONVERSION = YES;
				CLANG_WARN_OBJC_ROOT_CLASS = YES_ERROR;
				CLANG_WARN_RANGE_LOOP_ANALYSIS = YES;
				CLANG_WARN_STRICT_PROTOTYPES = YES;
				CLANG_WARN_SUSPICIOUS_MOVE = YES;
				CLANG_WARN_UNGUARDED_AVAILABILITY = YES_AGGRESSIVE;
				CLANG_WARN_UNREACHABLE_CODE = YES;
				CLANG_WARN__DUPLICATE_METHOD_MATCH = YES;
				CODE_SIGN_IDENTITY = "iPhone Developer";
				COPY_PHASE_STRIP = NO;
				DEBUG_INFORMATION_FORMAT = "dwarf-with-dsym";
				ENABLE_NS_ASSERTIONS = NO;
				ENABLE_STRICT_OBJC_MSGSEND = YES;
				GCC_C_LANGUAGE_STANDARD = gnu11;
				GCC_NO_COMMON_BLOCKS = YES;
				GCC_WARN_64_TO_32_BIT_CONVERSION = YES;
				GCC_WARN_ABOUT_RETURN_TYPE = YES_ERROR;
				GCC_WARN_UNDECLARED_SELECTOR = YES;
				GCC_WARN_UNINITIALIZED_AUTOS = YES_AGGRESSIVE;
				GCC_WARN_UNUSED_FUNCTION = YES;
				GCC_WARN_UNUSED_VARIABLE = YES;
				IPHONEOS_DEPLOYMENT_TARGET = 11.0;
				MTL_ENABLE_DEBUG_INFO = NO;
				SDKROOT = iphoneos;
				SWIFT_OPTIMIZATION_LEVEL = "-Owholemodule";
				VALIDATE_PRODUCT = YES;
			};
			name = Release;
		};
		FAD38D2E1FD28F9B00A9AC88 /* Debug */ = {
			isa = XCBuildConfiguration;
			buildSettings = {
				ASSETCATALOG_COMPILER_APPICON_NAME = AppIcon;
				CODE_SIGN_STYLE = Automatic;
				DEVELOPMENT_TEAM = 4BD2L3ULG3;
				INFOPLIST_FILE = ARKitScratch/Info.plist;
				LD_RUNPATH_SEARCH_PATHS = "$(inherited) @executable_path/Frameworks";
				PRODUCT_BUNDLE_IDENTIFIER = hy.ARKitScratch;
				PRODUCT_NAME = "$(TARGET_NAME)";
				SWIFT_VERSION = 4.0;
				TARGETED_DEVICE_FAMILY = "1,2";
			};
			name = Debug;
		};
		FAD38D2F1FD28F9B00A9AC88 /* Release */ = {
			isa = XCBuildConfiguration;
			buildSettings = {
				ASSETCATALOG_COMPILER_APPICON_NAME = AppIcon;
				CODE_SIGN_STYLE = Automatic;
				DEVELOPMENT_TEAM = 4BD2L3ULG3;
				INFOPLIST_FILE = ARKitScratch/Info.plist;
				LD_RUNPATH_SEARCH_PATHS = "$(inherited) @executable_path/Frameworks";
				PRODUCT_BUNDLE_IDENTIFIER = hy.ARKitScratch;
				PRODUCT_NAME = "$(TARGET_NAME)";
				SWIFT_VERSION = 4.0;
				TARGETED_DEVICE_FAMILY = "1,2";
			};
			name = Release;
		};
/* End XCBuildConfiguration section */

/* Begin XCConfigurationList section */
		FAD38D161FD28F9B00A9AC88 /* Build configuration list for PBXProject "ARKitScratch" */ = {
			isa = XCConfigurationList;
			buildConfigurations = (
				FAD38D2B1FD28F9B00A9AC88 /* Debug */,
				FAD38D2C1FD28F9B00A9AC88 /* Release */,
			);
			defaultConfigurationIsVisible = 0;
			defaultConfigurationName = Release;
		};
		FAD38D2D1FD28F9B00A9AC88 /* Build configuration list for PBXNativeTarget "ARKitScratch" */ = {
			isa = XCConfigurationList;
			buildConfigurations = (
				FAD38D2E1FD28F9B00A9AC88 /* Debug */,
				FAD38D2F1FD28F9B00A9AC88 /* Release */,
			);
			defaultConfigurationIsVisible = 0;
			defaultConfigurationName = Release;
		};
/* End XCConfigurationList section */
	};
	rootObject = FAD38D131FD28F9B00A9AC88 /* Project object */;
}
